
Microsoft Visual Studio Solution File, Format Version 12.00
# Visual Studio 15
VisualStudioVersion = 15.0.26730.12
MinimumVisualStudioVersion = 10.0.40219.1
Project("{FAE04EC0-301F-11D3-BF4B-00C04F79EFBC}") = "SharedClasses", "SharedClasses\SharedClasses.csproj", "{6B4471AB-44F2-4BD1-AB6F-FBD729F44382}"
EndProject
Project("{FAE04EC0-301F-11D3-BF4B-00C04F79EFBC}") = "Website", "Website\Website.csproj", "{983C993C-1D49-42E5-ADC3-34CFEBE88ADE}"
EndProject
Global
	GlobalSection(SolutionConfigurationPlatforms) = preSolution
		Debug|Any CPU = Debug|Any CPU
		Debug|ARM = Debug|ARM
		Debug|x64 = Debug|x64
		Debug|x86 = Debug|x86
		Release|Any CPU = Release|Any CPU
		Release|ARM = Release|ARM
		Release|x64 = Release|x64
		Release|x86 = Release|x86
	EndGlobalSection
	GlobalSection(ProjectConfigurationPlatforms) = postSolution
		{6B4471AB-44F2-4BD1-AB6F-FBD729F44382}.Debug|Any CPU.ActiveCfg = Debug|Any CPU
		{6B4471AB-44F2-4BD1-AB6F-FBD729F44382}.Debug|Any CPU.Build.0 = Debug|Any CPU
		{6B4471AB-44F2-4BD1-AB6F-FBD729F44382}.Debug|ARM.ActiveCfg = Debug|Any CPU
		{6B4471AB-44F2-4BD1-AB6F-FBD729F44382}.Debug|ARM.Build.0 = Debug|Any CPU
		{6B4471AB-44F2-4BD1-AB6F-FBD729F44382}.Debug|x64.ActiveCfg = Debug|Any CPU
		{6B4471AB-44F2-4BD1-AB6F-FBD729F44382}.Debug|x64.Build.0 = Debug|Any CPU
		{6B4471AB-44F2-4BD1-AB6F-FBD729F44382}.Debug|x86.ActiveCfg = Debug|Any CPU
		{6B4471AB-44F2-4BD1-AB6F-FBD729F44382}.Debug|x86.Build.0 = Debug|Any CPU
		{6B4471AB-44F2-4BD1-AB6F-FBD729F44382}.Release|Any CPU.ActiveCfg = Release|Any CPU
		{6B4471AB-44F2-4BD1-AB6F-FBD729F44382}.Release|Any CPU.Build.0 = Release|Any CPU
		{6B4471AB-44F2-4BD1-AB6F-FBD729F44382}.Release|ARM.ActiveCfg = Release|Any CPU
		{6B4471AB-44F2-4BD1-AB6F-FBD729F44382}.Release|ARM.Build.0 = Release|Any CPU
		{6B4471AB-44F2-4BD1-AB6F-FBD729F44382}.Release|x64.ActiveCfg = Release|Any CPU
		{6B4471AB-44F2-4BD1-AB6F-FBD729F44382}.Release|x64.Build.0 = Release|Any CPU
		{6B4471AB-44F2-4BD1-AB6F-FBD729F44382}.Release|x86.ActiveCfg = Release|Any CPU
		{6B4471AB-44F2-4BD1-AB6F-FBD729F44382}.Release|x86.Build.0 = Release|Any CPU
		{983C993C-1D49-42E5-ADC3-34CFEBE88ADE}.Debug|Any CPU.ActiveCfg = Debug|Any CPU
		{983C993C-1D49-42E5-ADC3-34CFEBE88ADE}.Debug|Any CPU.Build.0 = Debug|Any CPU
		{983C993C-1D49-42E5-ADC3-34CFEBE88ADE}.Debug|ARM.ActiveCfg = Debug|Any CPU
		{983C993C-1D49-42E5-ADC3-34CFEBE88ADE}.Debug|ARM.Build.0 = Debug|Any CPU
		{983C993C-1D49-42E5-ADC3-34CFEBE88ADE}.Debug|x64.ActiveCfg = Debug|Any CPU
		{983C993C-1D49-42E5-ADC3-34CFEBE88ADE}.Debug|x64.Build.0 = Debug|Any CPU
		{983C993C-1D49-42E5-ADC3-34CFEBE88ADE}.Debug|x86.ActiveCfg = Debug|Any CPU
		{983C993C-1D49-42E5-ADC3-34CFEBE88ADE}.Debug|x86.Build.0 = Debug|Any CPU
		{983C993C-1D49-42E5-ADC3-34CFEBE88ADE}.Release|Any CPU.ActiveCfg = Release|Any CPU
		{983C993C-1D49-42E5-ADC3-34CFEBE88ADE}.Release|Any CPU.Build.0 = Release|Any CPU
		{983C993C-1D49-42E5-ADC3-34CFEBE88ADE}.Release|ARM.ActiveCfg = Release|Any CPU
		{983C993C-1D49-42E5-ADC3-34CFEBE88ADE}.Release|ARM.Build.0 = Release|Any CPU
		{983C993C-1D49-42E5-ADC3-34CFEBE88ADE}.Release|x64.ActiveCfg = Release|Any CPU
		{983C993C-1D49-42E5-ADC3-34CFEBE88ADE}.Release|x64.Build.0 = Release|Any CPU
		{983C993C-1D49-42E5-ADC3-34CFEBE88ADE}.Release|x86.ActiveCfg = Release|Any CPU
		{983C993C-1D49-42E5-ADC3-34CFEBE88ADE}.Release|x86.Build.0 = Release|Any CPU
	EndGlobalSection
	GlobalSection(SolutionProperties) = preSolution
		HideSolutionNode = FALSE
	EndGlobalSection
	GlobalSection(ExtensibilityGlobals) = postSolution
		SolutionGuid = {4A394165-479A-4FC9-870C-13BD308305C1}
	EndGlobalSection
EndGlobal
