
Microsoft Visual Studio Solution File, Format Version 12.00
# Visual Studio 15
VisualStudioVersion = 15.0.26730.12
MinimumVisualStudioVersion = 10.0.40219.1
Project("{9092AA53-FB77-4645-B42D-1CCCA6BD08BD}") = "RestApiTest", "RestApiTest\RestApiTest.njsproj", "{F3645268-64F2-4E08-86E9-6CA1C9D298AE}"
EndProject
Global
	GlobalSection(SolutionConfigurationPlatforms) = preSolution
		Debug|Any CPU = Debug|Any CPU
		Release|Any CPU = Release|Any CPU
	EndGlobalSection
	GlobalSection(ProjectConfigurationPlatforms) = postSolution
		{F3645268-64F2-4E08-86E9-6CA1C9D298AE}.Debug|Any CPU.ActiveCfg = Debug|Any CPU
		{F3645268-64F2-4E08-86E9-6CA1C9D298AE}.Debug|Any CPU.Build.0 = Debug|Any CPU
		{F3645268-64F2-4E08-86E9-6CA1C9D298AE}.Release|Any CPU.ActiveCfg = Release|Any CPU
		{F3645268-64F2-4E08-86E9-6CA1C9D298AE}.Release|Any CPU.Build.0 = Release|Any CPU
	EndGlobalSection
	GlobalSection(SolutionProperties) = preSolution
		HideSolutionNode = FALSE
	EndGlobalSection
	GlobalSection(ExtensibilityGlobals) = postSolution
		SolutionGuid = {0BEA7A7C-D60D-4D76-89BF-05355CC8A74A}
	EndGlobalSection
EndGlobal
